{
  "name": "toad",
  "lockfileVersion": 3,
  "requires": true,
  "packages": {
    "": {
      "dependencies": {
        "tweakpane": "^3.1.9"
      }
    },
    "node_modules/tweakpane": {
      "version": "3.1.9",
      "resolved": "https://registry.npmjs.org/tweakpane/-/tweakpane-3.1.9.tgz",
      "integrity": "sha512-vMzh3X8uHo9HDY+9S9V0bc+UBScs8VYmMeOEW+BvynczV0aiLHweYv4eKpyoqpcRrQlkLhUsx8Dvv/1/qiCESg==",
      "funding": {
        "url": "https://github.com/sponsors/cocopon"
      }
    }
  }
}
